
Microsoft Visual Studio Solution File, Format Version 12.00
# Visual Studio Version 16
VisualStudioVersion = 16.0.30011.22
MinimumVisualStudioVersion = 10.0.40219.1
Project("{FAE04EC0-301F-11D3-BF4B-00C04F79EFBC}") = "BannerlordCheats", "BannerlordCheats.csproj", "{29D8F3D2-EF2F-43A5-86F5-FA4DABF64922}"
EndProject
Global
	GlobalSection(SolutionConfigurationPlatforms) = preSolution
		Debug|Any CPU = Debug|Any CPU
		Release|Any CPU = Release|Any CPU
	EndGlobalSection
	GlobalSection(ProjectConfigurationPlatforms) = postSolution
		{29D8F3D2-EF2F-43A5-86F5-FA4DABF64922}.Debug|Any CPU.ActiveCfg = Debug|Any CPU
		{29D8F3D2-EF2F-43A5-86F5-FA4DABF64922}.Debug|Any CPU.Build.0 = Debug|Any CPU
		{29D8F3D2-EF2F-43A5-86F5-FA4DABF64922}.Release|Any CPU.ActiveCfg = Release|Any CPU
		{29D8F3D2-EF2F-43A5-86F5-FA4DABF64922}.Release|Any CPU.Build.0 = Release|Any CPU
	EndGlobalSection
	GlobalSection(SolutionProperties) = preSolution
		HideSolutionNode = FALSE
	EndGlobalSection
	GlobalSection(ExtensibilityGlobals) = postSolution
		SolutionGuid = {6182D303-DBB3-4906-858B-9D6410322433}
	EndGlobalSection
EndGlobal
